// !$*UTF8*$!
{
	archiveVersion = 1;
	classes = {
	};
	objectVersion = 50;
	objects = {

/* Begin PBXBuildFile section */
		DAFF78F824D7F846009F52BD /* AppDelegate.swift in Sources */ = {isa = PBXBuildFile; fileRef = DAFF78F724D7F846009F52BD /* AppDelegate.swift */; };
		DAFF78FA24D7F846009F52BD /* SceneDelegate.swift in Sources */ = {isa = PBXBuildFile; fileRef = DAFF78F924D7F846009F52BD /* SceneDelegate.swift */; };
		DAFF78FC24D7F846009F52BD /* ViewController.swift in Sources */ = {isa = PBXBuildFile; fileRef = DAFF78FB24D7F846009F52BD /* ViewController.swift */; };
		DAFF78FF24D7F846009F52BD /* Main.storyboard in Resources */ = {isa = PBXBuildFile; fileRef = DAFF78FD24D7F846009F52BD /* Main.storyboard */; };
		DAFF790124D7F848009F52BD /* Assets.xcassets in Resources */ = {isa = PBXBuildFile; fileRef = DAFF790024D7F848009F52BD /* Assets.xcassets */; };
		DAFF790424D7F848009F52BD /* LaunchScreen.storyboard in Resources */ = {isa = PBXBuildFile; fileRef = DAFF790224D7F848009F52BD /* LaunchScreen.storyboard */; };
		DAFF790E24D7F895009F52BD /* CloudKit.framework in Frameworks */ = {isa = PBXBuildFile; fileRef = DAFF790D24D7F895009F52BD /* CloudKit.framework */; };
/* End PBXBuildFile section */

/* Begin PBXFileReference section */
		DAFF78F424D7F846009F52BD /* CloudKitDemo.app */ = {isa = PBXFileReference; explicitFileType = wrapper.application; includeInIndex = 0; path = CloudKitDemo.app; sourceTree = BUILT_PRODUCTS_DIR; };
		DAFF78F724D7F846009F52BD /* AppDelegate.swift */ = {isa = PBXFileReference; lastKnownFileType = sourcecode.swift; path = AppDelegate.swift; sourceTree = "<group>"; };
		DAFF78F924D7F846009F52BD /* SceneDelegate.swift */ = {isa = PBXFileReference; lastKnownFileType = sourcecode.swift; path = SceneDelegate.swift; sourceTree = "<group>"; };
		DAFF78FB24D7F846009F52BD /* ViewController.swift */ = {isa = PBXFileReference; lastKnownFileType = sourcecode.swift; path = ViewController.swift; sourceTree = "<group>"; };
		DAFF78FE24D7F846009F52BD /* Base */ = {isa = PBXFileReference; lastKnownFileType = file.storyboard; name = Base; path = Base.lproj/Main.storyboard; sourceTree = "<group>"; };
		DAFF790024D7F848009F52BD /* Assets.xcassets */ = {isa = PBXFileReference; lastKnownFileType = folder.assetcatalog; path = Assets.xcassets; sourceTree = "<group>"; };
		DAFF790324D7F848009F52BD /* Base */ = {isa = PBXFileReference; lastKnownFileType = file.storyboard; name = Base; path = Base.lproj/LaunchScreen.storyboard; sourceTree = "<group>"; };
		DAFF790524D7F848009F52BD /* Info.plist */ = {isa = PBXFileReference; lastKnownFileType = text.plist.xml; path = Info.plist; sourceTree = "<group>"; };
		DAFF790B24D7F892009F52BD /* CloudKitDemo.entitlements */ = {isa = PBXFileReference; lastKnownFileType = text.plist.entitlements; path = CloudKitDemo.entitlements; sourceTree = "<group>"; };
		DAFF790D24D7F895009F52BD /* CloudKit.framework */ = {isa = PBXFileReference; lastKnownFileType = wrapper.framework; name = CloudKit.framework; path = System/Library/Frameworks/CloudKit.framework; sourceTree = SDKROOT; };
/* End PBXFileReference section */

/* Begin PBXFrameworksBuildPhase section */
		DAFF78F124D7F846009F52BD /* Frameworks */ = {
			isa = PBXFrameworksBuildPhase;
			buildActionMask = 2147483647;
			files = (
				DAFF790E24D7F895009F52BD /* CloudKit.framework in Frameworks */,
			);
			runOnlyForDeploymentPostprocessing = 0;
		};
/* End PBXFrameworksBuildPhase section */

/* Begin PBXGroup section */
		DAFF78EB24D7F846009F52BD = {
			isa = PBXGroup;
			children = (
				DAFF78F624D7F846009F52BD /* CloudKitDemo */,
				DAFF78F524D7F846009F52BD /* Products */,
				DAFF790C24D7F895009F52BD /* Frameworks */,
			);
			sourceTree = "<group>";
		};
		DAFF78F524D7F846009F52BD /* Products */ = {
			isa = PBXGroup;
			children = (
				DAFF78F424D7F846009F52BD /* CloudKitDemo.app */,
			);
			name = Products;
			sourceTree = "<group>";
		};
		DAFF78F624D7F846009F52BD /* CloudKitDemo */ = {
			isa = PBXGroup;
			children = (
				DAFF790B24D7F892009F52BD /* CloudKitDemo.entitlements */,
				DAFF78F724D7F846009F52BD /* AppDelegate.swift */,
				DAFF78F924D7F846009F52BD /* SceneDelegate.swift */,
				DAFF78FB24D7F846009F52BD /* ViewController.swift */,
				DAFF78FD24D7F846009F52BD /* Main.storyboard */,
				DAFF790024D7F848009F52BD /* Assets.xcassets */,
				DAFF790224D7F848009F52BD /* LaunchScreen.storyboard */,
				DAFF790524D7F848009F52BD /* Info.plist */,
			);
			path = CloudKitDemo;
			sourceTree = "<group>";
		};
		DAFF790C24D7F895009F52BD /* Frameworks */ = {
			isa = PBXGroup;
			children = (
				DAFF790D24D7F895009F52BD /* CloudKit.framework */,
			);
			name = Frameworks;
			sourceTree = "<group>";
		};
/* End PBXGroup section */

/* Begin PBXNativeTarget section */
		DAFF78F324D7F846009F52BD /* CloudKitDemo */ = {
			isa = PBXNativeTarget;
			buildConfigurationList = DAFF790824D7F848009F52BD /* Build configuration list for PBXNativeTarget "CloudKitDemo" */;
			buildPhases = (
				DAFF78F024D7F846009F52BD /* Sources */,
				DAFF78F124D7F846009F52BD /* Frameworks */,
				DAFF78F224D7F846009F52BD /* Resources */,
			);
			buildRules = (
			);
			dependencies = (
			);
			name = CloudKitDemo;
			productName = CloudKitDemo;
			productReference = DAFF78F424D7F846009F52BD /* CloudKitDemo.app */;
			productType = "com.apple.product-type.application";
		};
/* End PBXNativeTarget section */

/* Begin PBXProject section */
		DAFF78EC24D7F846009F52BD /* Project object */ = {
			isa = PBXProject;
			attributes = {
				LastSwiftUpdateCheck = 1160;
				LastUpgradeCheck = 1160;
				ORGANIZATIONNAME = "Muhammad Ilham Ashiddiq Tresnawan";
				TargetAttributes = {
					DAFF78F324D7F846009F52BD = {
						CreatedOnToolsVersion = 11.6;
					};
				};
			};
			buildConfigurationList = DAFF78EF24D7F846009F52BD /* Build configuration list for PBXProject "CloudKitDemo" */;
			compatibilityVersion = "Xcode 9.3";
			developmentRegion = en;
			hasScannedForEncodings = 0;
			knownRegions = (
				en,
				Base,
			);
			mainGroup = DAFF78EB24D7F846009F52BD;
			productRefGroup = DAFF78F524D7F846009F52BD /* Products */;
			projectDirPath = "";
			projectRoot = "";
			targets = (
				DAFF78F324D7F846009F52BD /* CloudKitDemo */,
			);
		};
/* End PBXProject section */

/* Begin PBXResourcesBuildPhase section */
		DAFF78F224D7F846009F52BD /* Resources */ = {
			isa = PBXResourcesBuildPhase;
			buildActionMask = 2147483647;
			files = (
				DAFF790424D7F848009F52BD /* LaunchScreen.storyboard in Resources */,
				DAFF790124D7F848009F52BD /* Assets.xcassets in Resources */,
				DAFF78FF24D7F846009F52BD /* Main.storyboard in Resources */,
			);
			runOnlyForDeploymentPostprocessing = 0;
		};
/* End PBXResourcesBuildPhase section */

/* Begin PBXSourcesBuildPhase section */
		DAFF78F024D7F846009F52BD /* Sources */ = {
			isa = PBXSourcesBuildPhase;
			buildActionMask = 2147483647;
			files = (
				DAFF78FC24D7F846009F52BD /* ViewController.swift in Sources */,
				DAFF78F824D7F846009F52BD /* AppDelegate.swift in Sources */,
				DAFF78FA24D7F846009F52BD /* SceneDelegate.swift in Sources */,
			);
			runOnlyForDeploymentPostprocessing = 0;
		};
/* End PBXSourcesBuildPhase section */

/* Begin PBXVariantGroup section */
		DAFF78FD24D7F846009F52BD /* Main.storyboard */ = {
			isa = PBXVariantGroup;
			children = (
				DAFF78FE24D7F846009F52BD /* Base */,
			);
			name = Main.storyboard;
			sourceTree = "<group>";
		};
		DAFF790224D7F848009F52BD /* LaunchScreen.storyboard */ = {
			isa = PBXVariantGroup;
			children = (
				DAFF790324D7F848009F52BD /* Base */,
			);
			name = LaunchScreen.storyboard;
			sourceTree = "<group>";
		};
/* End PBXVariantGroup section */

/* Begin XCBuildConfiguration section */
		DAFF790624D7F848009F52BD /* Debug */ = {
			isa = XCBuildConfiguration;
			buildSettings = {
				ALWAYS_SEARCH_USER_PATHS = NO;
				CLANG_ANALYZER_NONNULL = YES;
				CLANG_ANALYZER_NUMBER_OBJECT_CONVERSION = YES_AGGRESSIVE;
				CLANG_CXX_LANGUAGE_STANDARD = "gnu++14";
				CLANG_CXX_LIBRARY = "libc++";
				CLANG_ENABLE_MODULES = YES;
				CLANG_ENABLE_OBJC_ARC = YES;
				CLANG_ENABLE_OBJC_WEAK = YES;
				CLANG_WARN_BLOCK_CAPTURE_AUTORELEASING = YES;
				CLANG_WARN_BOOL_CONVERSION = YES;
				CLANG_WARN_COMMA = YES;
				CLANG_WARN_CONSTANT_CONVERSION = YES;
				CLANG_WARN_DEPRECATED_OBJC_IMPLEMENTATIONS = YES;
				CLANG_WARN_DIRECT_OBJC_ISA_USAGE = YES_ERROR;
				CLANG_WARN_DOCUMENTATION_COMMENTS = YES;
				CLANG_WARN_EMPTY_BODY = YES;
				CLANG_WARN_ENUM_CONVERSION = YES;
				CLANG_WARN_INFINITE_RECURSION = YES;
				CLANG_WARN_INT_CONVERSION = YES;
				CLANG_WARN_NON_LITERAL_NULL_CONVERSION = YES;
				CLANG_WARN_OBJC_IMPLICIT_RETAIN_SELF = YES;
				CLANG_WARN_OBJC_LITERAL_CONVERSION = YES;
				CLANG_WARN_OBJC_ROOT_CLASS = YES_ERROR;
				CLANG_WARN_RANGE_LOOP_ANALYSIS = YES;
				CLANG_WARN_STRICT_PROTOTYPES = YES;
				CLANG_WARN_SUSPICIOUS_MOVE = YES;
				CLANG_WARN_UNGUARDED_AVAILABILITY = YES_AGGRESSIVE;
				CLANG_WARN_UNREACHABLE_CODE = YES;
				CLANG_WARN__DUPLICATE_METHOD_MATCH = YES;
				COPY_PHASE_STRIP = NO;
				DEBUG_INFORMATION_FORMAT = dwarf;
				ENABLE_STRICT_OBJC_MSGSEND = YES;
				ENABLE_TESTABILITY = YES;
				GCC_C_LANGUAGE_STANDARD = gnu11;
				GCC_DYNAMIC_NO_PIC = NO;
				GCC_NO_COMMON_BLOCKS = YES;
				GCC_OPTIMIZATION_LEVEL = 0;
				GCC_PREPROCESSOR_DEFINITIONS = (
					"DEBUG=1",
					"$(inherited)",
				);
				GCC_WARN_64_TO_32_BIT_CONVERSION = YES;
				GCC_WARN_ABOUT_RETURN_TYPE = YES_ERROR;
				GCC_WARN_UNDECLARED_SELECTOR = YES;
				GCC_WARN_UNINITIALIZED_AUTOS = YES_AGGRESSIVE;
				GCC_WARN_UNUSED_FUNCTION = YES;
				GCC_WARN_UNUSED_VARIABLE = YES;
				IPHONEOS_DEPLOYMENT_TARGET = 13.6;
				MTL_ENABLE_DEBUG_INFO = INCLUDE_SOURCE;
				MTL_FAST_MATH = YES;
				ONLY_ACTIVE_ARCH = YES;
				SDKROOT = iphoneos;
				SWIFT_ACTIVE_COMPILATION_CONDITIONS = DEBUG;
				SWIFT_OPTIMIZATION_LEVEL = "-Onone";
			};
			name = Debug;
		};
		DAFF790724D7F848009F52BD /* Release */ = {
			isa = XCBuildConfiguration;
			buildSettings = {
				ALWAYS_SEARCH_USER_PATHS = NO;
				CLANG_ANALYZER_NONNULL = YES;
				CLANG_ANALYZER_NUMBER_OBJECT_CONVERSION = YES_AGGRESSIVE;
				CLANG_CXX_LANGUAGE_STANDARD = "gnu++14";
				CLANG_CXX_LIBRARY = "libc++";
				CLANG_ENABLE_MODULES = YES;
				CLANG_ENABLE_OBJC_ARC = YES;
				CLANG_ENABLE_OBJC_WEAK = YES;
				CLANG_WARN_BLOCK_CAPTURE_AUTORELEASING = YES;
				CLANG_WARN_BOOL_CONVERSION = YES;
				CLANG_WARN_COMMA = YES;
				CLANG_WARN_CONSTANT_CONVERSION = YES;
				CLANG_WARN_DEPRECATED_OBJC_IMPLEMENTATIONS = YES;
				CLANG_WARN_DIRECT_OBJC_ISA_USAGE = YES_ERROR;
				CLANG_WARN_DOCUMENTATION_COMMENTS = YES;
				CLANG_WARN_EMPTY_BODY = YES;
				CLANG_WARN_ENUM_CONVERSION = YES;
				CLANG_WARN_INFINITE_RECURSION = YES;
				CLANG_WARN_INT_CONVERSION = YES;
				CLANG_WARN_NON_LITERAL_NULL_CONVERSION = YES;
				CLANG_WARN_OBJC_IMPLICIT_RETAIN_SELF = YES;
				CLANG_WARN_OBJC_LITERAL_CONVERSION = YES;
				CLANG_WARN_OBJC_ROOT_CLASS = YES_ERROR;
				CLANG_WARN_RANGE_LOOP_ANALYSIS = YES;
				CLANG_WARN_STRICT_PROTOTYPES = YES;
				CLANG_WARN_SUSPICIOUS_MOVE = YES;
				CLANG_WARN_UNGUARDED_AVAILABILITY = YES_AGGRESSIVE;
				CLANG_WARN_UNREACHABLE_CODE = YES;
				CLANG_WARN__DUPLICATE_METHOD_MATCH = YES;
				COPY_PHASE_STRIP = NO;
				DEBUG_INFORMATION_FORMAT = "dwarf-with-dsym";
				ENABLE_NS_ASSERTIONS = NO;
				ENABLE_STRICT_OBJC_MSGSEND = YES;
				GCC_C_LANGUAGE_STANDARD = gnu11;
				GCC_NO_COMMON_BLOCKS = YES;
				GCC_WARN_64_TO_32_BIT_CONVERSION = YES;
				GCC_WARN_ABOUT_RETURN_TYPE = YES_ERROR;
				GCC_WARN_UNDECLARED_SELECTOR = YES;
				GCC_WARN_UNINITIALIZED_AUTOS = YES_AGGRESSIVE;
				GCC_WARN_UNUSED_FUNCTION = YES;
				GCC_WARN_UNUSED_VARIABLE = YES;
				IPHONEOS_DEPLOYMENT_TARGET = 13.6;
				MTL_ENABLE_DEBUG_INFO = NO;
				MTL_FAST_MATH = YES;
				SDKROOT = iphoneos;
				SWIFT_COMPILATION_MODE = wholemodule;
				SWIFT_OPTIMIZATION_LEVEL = "-O";
				VALIDATE_PRODUCT = YES;
			};
			name = Release;
		};
		DAFF790924D7F848009F52BD /* Debug */ = {
			isa = XCBuildConfiguration;
			buildSettings = {
				ASSETCATALOG_COMPILER_APPICON_NAME = AppIcon;
				CODE_SIGN_ENTITLEMENTS = CloudKitDemo/CloudKitDemo.entitlements;
				CODE_SIGN_STYLE = Automatic;
				DEVELOPMENT_TEAM = 4A4J3R44FB;
				INFOPLIST_FILE = CloudKitDemo/Info.plist;
				LD_RUNPATH_SEARCH_PATHS = (
					"$(inherited)",
					"@executable_path/Frameworks",
				);
				PRODUCT_BUNDLE_IDENTIFIER = Rexy.CloudKitDemo;
				PRODUCT_NAME = "$(TARGET_NAME)";
				SWIFT_VERSION = 5.0;
				TARGETED_DEVICE_FAMILY = "1,2";
			};
			name = Debug;
		};
		DAFF790A24D7F848009F52BD /* Release */ = {
			isa = XCBuildConfiguration;
			buildSettings = {
				ASSETCATALOG_COMPILER_APPICON_NAME = AppIcon;
				CODE_SIGN_ENTITLEMENTS = CloudKitDemo/CloudKitDemo.entitlements;
				CODE_SIGN_STYLE = Automatic;
				DEVELOPMENT_TEAM = 4A4J3R44FB;
				INFOPLIST_FILE = CloudKitDemo/Info.plist;
				LD_RUNPATH_SEARCH_PATHS = (
					"$(inherited)",
					"@executable_path/Frameworks",
				);
				PRODUCT_BUNDLE_IDENTIFIER = Rexy.CloudKitDemo;
				PRODUCT_NAME = "$(TARGET_NAME)";
				SWIFT_VERSION = 5.0;
				TARGETED_DEVICE_FAMILY = "1,2";
			};
			name = Release;
		};
/* End XCBuildConfiguration section */

/* Begin XCConfigurationList section */
		DAFF78EF24D7F846009F52BD /* Build configuration list for PBXProject "CloudKitDemo" */ = {
			isa = XCConfigurationList;
			buildConfigurations = (
				DAFF790624D7F848009F52BD /* Debug */,
				DAFF790724D7F848009F52BD /* Release */,
			);
			defaultConfigurationIsVisible = 0;
			defaultConfigurationName = Release;
		};
		DAFF790824D7F848009F52BD /* Build configuration list for PBXNativeTarget "CloudKitDemo" */ = {
			isa = XCConfigurationList;
			buildConfigurations = (
				DAFF790924D7F848009F52BD /* Debug */,
				DAFF790A24D7F848009F52BD /* Release */,
			);
			defaultConfigurationIsVisible = 0;
			defaultConfigurationName = Release;
		};
/* End XCConfigurationList section */
	};
	rootObject = DAFF78EC24D7F846009F52BD /* Project object */;
}
